{
  "name": "density",
  "version": "1.0.0",
  "lockfileVersion": 1,
  "requires": true,
  "dependencies": {
    "@citizenfx/client": {
      "version": "2.0.3945-1",
      "resolved": "https://registry.npmjs.org/@citizenfx/client/-/client-2.0.3945-1.tgz",
      "integrity": "sha512-ocl7O/E6z1Ss30GV1FuO5XHApctNDQPENmwTtQ4FqkcWg/YtpfhKm/pxoDMAe9605AiqTZWKa25pe1YXuUVI5g=="
    },
    "@citizenfx/server": {
      "version": "2.0.3945-1",
      "resolved": "https://registry.npmjs.org/@citizenfx/server/-/server-2.0.3945-1.tgz",
      "integrity": "sha512-cEQUEm9a5a1pwuTnsuTK3qhk6aJDcyL2ARbrUF/jAlGRRq4IisJ1BCq2uumiv9l9jjqSVGyJIywdVd0AJ3E8Hw=="
    }
  }
}
